hash: 73214225456bee1cd630c89fb6ad4ef68ee8e02d781ab1077c889d92d806e2f7
updated: 2018-01-31T21:41:35.212348-05:00
imports:
- name: github.com/go-sql-driver/mysql
  version: bc14601d1bd56421dd60f561e6052c9ed77f9daf
- name: google.golang.org/appengine
  version: 5bee14b453b4c71be47ec1781b0fa61c2ea182db
  subpackages:
  - cloudsql
testImports: []
